github.com/dvcrn/go-1password-cli v0.0.0-20240520003515-deaa6e59b0eb h1:d6FQTiE+VEw2Tv0dZ+1vavQ8qo84grbGZLINHVRrtqM=
github.com/dvcrn/go-1password-cli v0.0.0-20240520003515-deaa6e59b0eb/go.mod h1:vAxPgRqwCkLH9Z/G6zveccDLI8Rl7UnvL+ZJn3DRtSo=
github.com/dvcrn/go-1password-cli v0.0.0-20250115095305-eaf63fda9984 h1:wQxcAsMHmIH5oAK+2Y54G5LBmCiSTFGbLPrxF/+EblI=
github.com/dvcrn/go-1password-cli v0.0.0-20250115095305-eaf63fda9984/go.mod h1:vAxPgRqwCkLH9Z/G6zveccDLI8Rl7UnvL+ZJn3DRtSo=
